<?xml version="1.0" encoding="utf-8"?>
<Project ToolsVersion="4.0" xmlns="http://schemas.microsoft.com/developer/msbuild/2003">
  <ItemGroup>
    <ClCompile Include="Animal.cpp" />
    <ClCompile Include="AnimalType.cpp" />
    <ClCompile Include="VeterinaryClinic.cpp" />
  </ItemGroup>
  <ItemGroup>
    <ClInclude Include="Animal.h" />
    <ClInclude Include="AnimalType.h" />
    <ClInclude Include="AnimalInfoMatching.h" />
  </ItemGroup>
</Project>